
Microsoft Visual Studio Solution File, Format Version 12.00
# Visual Studio Version 17
VisualStudioVersion = 17.5.33414.496
MinimumVisualStudioVersion = 10.0.40219.1
Project("{FAE04EC0-301F-11D3-BF4B-00C04F79EFBC}") = "AffinityMaster", "AffinityMaster.csproj", "{48A47A81-2EC3-4554-BA6E-0B76FC95C4B5}"
EndProject
Global
	GlobalSection(SolutionConfigurationPlatforms) = preSolution
		Debug|Any CPU = Debug|Any CPU
		Release|Any CPU = Release|Any CPU
	EndGlobalSection
	GlobalSection(ProjectConfigurationPlatforms) = postSolution
		{48A47A81-2EC3-4554-BA6E-0B76FC95C4B5}.Debug|Any CPU.ActiveCfg = Debug|Any CPU
		{48A47A81-2EC3-4554-BA6E-0B76FC95C4B5}.Debug|Any CPU.Build.0 = Debug|Any CPU
		{48A47A81-2EC3-4554-BA6E-0B76FC95C4B5}.Release|Any CPU.ActiveCfg = Release|Any CPU
		{48A47A81-2EC3-4554-BA6E-0B76FC95C4B5}.Release|Any CPU.Build.0 = Release|Any CPU
	EndGlobalSection
	GlobalSection(SolutionProperties) = preSolution
		HideSolutionNode = FALSE
	EndGlobalSection
	GlobalSection(ExtensibilityGlobals) = postSolution
		SolutionGuid = {2DD11B9D-0528-45FF-8EA9-65AC92A9B060}
	EndGlobalSection
EndGlobal
